Microsoft Visual Studio Solution File, Format Version 12.00
# Visual Studio Version 17
VisualStudioVersion = 17.0.31903.59
MinimumVisualStudioVersion = 10.0.40219.1
Project("{9A19103F-16F7-4668-BE54-9A1E7A4F7556}") = "NacosSyncTool.Windows", "src\NacosSyncTool.Windows\NacosSyncTool.Windows.csproj", "{C2EC53D9-92C6-4F64-B48E-C4A16F13A110}"
EndProject
Project("{9A19103F-16F7-4668-BE54-9A1E7A4F7556}") = "NacosSyncTool.Windows.Tests", "tests\NacosSyncTool.Windows.Tests\NacosSyncTool.Windows.Tests.csproj", "{5F852B2E-D84A-4C19-9B9B-1DDF1C9910E1}"
EndProject
Global
	GlobalSection(SolutionConfigurationPlatforms) = preSolution
		Debug|Any CPU = Debug|Any CPU
		Release|Any CPU = Release|Any CPU
	EndGlobalSection
	GlobalSection(ProjectConfigurationPlatforms) = postSolution
		{C2EC53D9-92C6-4F64-B48E-C4A16F13A110}.Debug|Any CPU.ActiveCfg = Debug|Any CPU
		{C2EC53D9-92C6-4F64-B48E-C4A16F13A110}.Debug|Any CPU.Build.0 = Debug|Any CPU
		{C2EC53D9-92C6-4F64-B48E-C4A16F13A110}.Release|Any CPU.ActiveCfg = Release|Any CPU
		{C2EC53D9-92C6-4F64-B48E-C4A16F13A110}.Release|Any CPU.Build.0 = Release|Any CPU
		{5F852B2E-D84A-4C19-9B9B-1DDF1C9910E1}.Debug|Any CPU.ActiveCfg = Debug|Any CPU
		{5F852B2E-D84A-4C19-9B9B-1DDF1C9910E1}.Debug|Any CPU.Build.0 = Debug|Any CPU
		{5F852B2E-D84A-4C19-9B9B-1DDF1C9910E1}.Release|Any CPU.ActiveCfg = Release|Any CPU
		{5F852B2E-D84A-4C19-9B9B-1DDF1C9910E1}.Release|Any CPU.Build.0 = Release|Any CPU
	EndGlobalSection
	GlobalSection(SolutionProperties) = preSolution
		HideSolutionNode = FALSE
	EndGlobalSection
EndGlobal
